
Microsoft Visual Studio Solution File, Format Version 12.00
# Visual Studio Version 17
VisualStudioVersion = 17.1.32421.90
MinimumVisualStudioVersion = 10.0.40219.1
Project("{888888A0-9F3D-457C-B088-3A5042F75D52}") = "Track", "Track\Track.pyproj", "{A22E5B9A-1F01-4642-8652-F683A43086BE}"
EndProject
Global
	GlobalSection(SolutionConfigurationPlatforms) = preSolution
		Debug|Any CPU = Debug|Any CPU
		Release|Any CPU = Release|Any CPU
	EndGlobalSection
	GlobalSection(ProjectConfigurationPlatforms) = postSolution
		{A22E5B9A-1F01-4642-8652-F683A43086BE}.Debug|Any CPU.ActiveCfg = Debug|Any CPU
		{A22E5B9A-1F01-4642-8652-F683A43086BE}.Release|Any CPU.ActiveCfg = Release|Any CPU
	EndGlobalSection
	GlobalSection(SolutionProperties) = preSolution
		HideSolutionNode = FALSE
	EndGlobalSection
	GlobalSection(ExtensibilityGlobals) = postSolution
		SolutionGuid = {2553C4FB-3CFB-4202-8D70-9F9450264E78}
	EndGlobalSection
EndGlobal
